{
    "name": "react-import-pattern",
    "version": "1.0.0",
    "lockfileVersion": 2,
    "requires": true,
    "packages": {
        "": {
            "name": "react-import-pattern",
            "version": "1.0.0",
            "license": "ISC",
            "bin": {
                "create": "bin/index.js"
            }
        }
    }
}
